// !$*UTF8*$!
{
	archiveVersion = 1;
	classes = {
	};
	objectVersion = 46;
	objects = {

/* Begin PBXBuildFile section */
		1665102E1D7A877900A1DAF0 /* AppDelegate.swift in Sources */ = {isa = PBXBuildFile; fileRef = 1665102D1D7A877900A1DAF0 /* AppDelegate.swift */; };
		166510301D7A877900A1DAF0 /* ViewController.swift in Sources */ = {isa = PBXBuildFile; fileRef = 1665102F1D7A877900A1DAF0 /* ViewController.swift */; };
		166510331D7A877900A1DAF0 /* Main.storyboard in Resources */ = {isa = PBXBuildFile; fileRef = 166510311D7A877900A1DAF0 /* Main.storyboard */; };
		166510361D7A877900A1DAF0 /* NOW.xcdatamodeld in Sources */ = {isa = PBXBuildFile; fileRef = 166510341D7A877900A1DAF0 /* NOW.xcdatamodeld */; };
		166510381D7A877900A1DAF0 /* Assets.xcassets in Resources */ = {isa = PBXBuildFile; fileRef = 166510371D7A877900A1DAF0 /* Assets.xcassets */; };
		1665103B1D7A877900A1DAF0 /* LaunchScreen.storyboard in Resources */ = {isa = PBXBuildFile; fileRef = 166510391D7A877900A1DAF0 /* LaunchScreen.storyboard */; };
/* End PBXBuildFile section */

/* Begin PBXFileReference section */
		1665102A1D7A877900A1DAF0 /* NOW.app */ = {isa = PBXFileReference; explicitFileType = wrapper.application; includeInIndex = 0; path = NOW.app; sourceTree = BUILT_PRODUCTS_DIR; };
		1665102D1D7A877900A1DAF0 /* AppDelegate.swift */ = {isa = PBXFileReference; lastKnownFileType = sourcecode.swift; path = AppDelegate.swift; sourceTree = "<group>"; };
		1665102F1D7A877900A1DAF0 /* ViewController.swift */ = {isa = PBXFileReference; lastKnownFileType = sourcecode.swift; path = ViewController.swift; sourceTree = "<group>"; };
		166510321D7A877900A1DAF0 /* Base */ = {isa = PBXFileReference; lastKnownFileType = file.storyboard; name = Base; path = Base.lproj/Main.storyboard; sourceTree = "<group>"; };
		166510351D7A877900A1DAF0 /* NOW.xcdatamodel */ = {isa = PBXFileReference; lastKnownFileType = wrapper.xcdatamodel; path = NOW.xcdatamodel; sourceTree = "<group>"; };
		166510371D7A877900A1DAF0 /* Assets.xcassets */ = {isa = PBXFileReference; lastKnownFileType = folder.assetcatalog; path = Assets.xcassets; sourceTree = "<group>"; };
		1665103A1D7A877900A1DAF0 /* Base */ = {isa = PBXFileReference; lastKnownFileType = file.storyboard; name = Base; path = Base.lproj/LaunchScreen.storyboard; sourceTree = "<group>"; };
		1665103C1D7A877900A1DAF0 /* Info.plist */ = {isa = PBXFileReference; lastKnownFileType = text.plist.xml; path = Info.plist; sourceTree = "<group>"; };
/* End PBXFileReference section */

/* Begin PBXFrameworksBuildPhase section */
		166510271D7A877900A1DAF0 /* Frameworks */ = {
			isa = PBXFrameworksBuildPhase;
			buildActionMask = 2147483647;
			files = (
			);
			runOnlyForDeploymentPostprocessing = 0;
		};
/* End PBXFrameworksBuildPhase section */

/* Begin PBXGroup section */
		166510211D7A877900A1DAF0 = {
			isa = PBXGroup;
			children = (
				1665102C1D7A877900A1DAF0 /* NOW */,
				1665102B1D7A877900A1DAF0 /* Products */,
			);
			sourceTree = "<group>";
		};
		1665102B1D7A877900A1DAF0 /* Products */ = {
			isa = PBXGroup;
			children = (
				1665102A1D7A877900A1DAF0 /* NOW.app */,
			);
			name = Products;
			sourceTree = "<group>";
		};
		1665102C1D7A877900A1DAF0 /* NOW */ = {
			isa = PBXGroup;
			children = (
				1665102D1D7A877900A1DAF0 /* AppDelegate.swift */,
				1665102F1D7A877900A1DAF0 /* ViewController.swift */,
				166510311D7A877900A1DAF0 /* Main.storyboard */,
				166510371D7A877900A1DAF0 /* Assets.xcassets */,
				166510391D7A877900A1DAF0 /* LaunchScreen.storyboard */,
				1665103C1D7A877900A1DAF0 /* Info.plist */,
				166510341D7A877900A1DAF0 /* NOW.xcdatamodeld */,
			);
			path = NOW;
			sourceTree = "<group>";
		};
/* End PBXGroup section */

/* Begin PBXNativeTarget section */
		166510291D7A877900A1DAF0 /* NOW */ = {
			isa = PBXNativeTarget;
			buildConfigurationList = 1665103F1D7A877900A1DAF0 /* Build configuration list for PBXNativeTarget "NOW" */;
			buildPhases = (
				166510261D7A877900A1DAF0 /* Sources */,
				166510271D7A877900A1DAF0 /* Frameworks */,
				166510281D7A877900A1DAF0 /* Resources */,
			);
			buildRules = (
			);
			dependencies = (
			);
			name = NOW;
			productName = NOW;
			productReference = 1665102A1D7A877900A1DAF0 /* NOW.app */;
			productType = "com.apple.product-type.application";
		};
/* End PBXNativeTarget section */

/* Begin PBXProject section */
		166510221D7A877900A1DAF0 /* Project object */ = {
			isa = PBXProject;
			attributes = {
				LastSwiftUpdateCheck = 0730;
				LastUpgradeCheck = 0730;
				ORGANIZATIONNAME = "John Montejano";
				TargetAttributes = {
					166510291D7A877900A1DAF0 = {
						CreatedOnToolsVersion = 7.3.1;
						DevelopmentTeam = 6T92523974;
					};
				};
			};
			buildConfigurationList = 166510251D7A877900A1DAF0 /* Build configuration list for PBXProject "NOW" */;
			compatibilityVersion = "Xcode 3.2";
			developmentRegion = English;
			hasScannedForEncodings = 0;
			knownRegions = (
				en,
				Base,
			);
			mainGroup = 166510211D7A877900A1DAF0;
			productRefGroup = 1665102B1D7A877900A1DAF0 /* Products */;
			projectDirPath = "";
			projectRoot = "";
			targets = (
				166510291D7A877900A1DAF0 /* NOW */,
			);
		};
/* End PBXProject section */

/* Begin PBXResourcesBuildPhase section */
		166510281D7A877900A1DAF0 /* Resources */ = {
			isa = PBXResourcesBuildPhase;
			buildActionMask = 2147483647;
			files = (
				1665103B1D7A877900A1DAF0 /* LaunchScreen.storyboard in Resources */,
				166510381D7A877900A1DAF0 /* Assets.xcassets in Resources */,
				166510331D7A877900A1DAF0 /* Main.storyboard in Resources */,
			);
			runOnlyForDeploymentPostprocessing = 0;
		};
/* End PBXResourcesBuildPhase section */

/* Begin PBXSourcesBuildPhase section */
		166510261D7A877900A1DAF0 /* Sources */ = {
			isa = PBXSourcesBuildPhase;
			buildActionMask = 2147483647;
			files = (
				166510361D7A877900A1DAF0 /* NOW.xcdatamodeld in Sources */,
				166510301D7A877900A1DAF0 /* ViewController.swift in Sources */,
				1665102E1D7A877900A1DAF0 /* AppDelegate.swift in Sources */,
			);
			runOnlyForDeploymentPostprocessing = 0;
		};
/* End PBXSourcesBuildPhase section */

/* Begin PBXVariantGroup section */
		166510311D7A877900A1DAF0 /* Main.storyboard */ = {
			isa = PBXVariantGroup;
			children = (
				166510321D7A877900A1DAF0 /* Base */,
			);
			name = Main.storyboard;
			sourceTree = "<group>";
		};
		166510391D7A877900A1DAF0 /* LaunchScreen.storyboard */ = {
			isa = PBXVariantGroup;
			children = (
				1665103A1D7A877900A1DAF0 /* Base */,
			);
			name = LaunchScreen.storyboard;
			sourceTree = "<group>";
		};
/* End PBXVariantGroup section */

/* Begin XCBuildConfiguration section */
		1665103D1D7A877900A1DAF0 /* Debug */ = {
			isa = XCBuildConfiguration;
			buildSettings = {
				ALWAYS_SEARCH_USER_PATHS = NO;
				CLANG_ANALYZER_NONNULL = YES;
				CLANG_CXX_LANGUAGE_STANDARD = "gnu++0x";
				CLANG_CXX_LIBRARY = "libc++";
				CLANG_ENABLE_MODULES = YES;
				CLANG_ENABLE_OBJC_ARC = YES;
				CLANG_WARN_BOOL_CONVERSION = YES;
				CLANG_WARN_CONSTANT_CONVERSION = YES;
				CLANG_WARN_DIRECT_OBJC_ISA_USAGE = YES_ERROR;
				CLANG_WARN_EMPTY_BODY = YES;
				CLANG_WARN_ENUM_CONVERSION = YES;
				CLANG_WARN_INT_CONVERSION = YES;
				CLANG_WARN_OBJC_ROOT_CLASS = YES_ERROR;
				CLANG_WARN_UNREACHABLE_CODE = YES;
				CLANG_WARN__DUPLICATE_METHOD_MATCH = YES;
				"CODE_SIGN_IDENTITY[sdk=iphoneos*]" = "iPhone Developer";
				COPY_PHASE_STRIP = NO;
				DEBUG_INFORMATION_FORMAT = dwarf;
				ENABLE_STRICT_OBJC_MSGSEND = YES;
				ENABLE_TESTABILITY = YES;
				GCC_C_LANGUAGE_STANDARD = gnu99;
				GCC_DYNAMIC_NO_PIC = NO;
				GCC_NO_COMMON_BLOCKS = YES;
				GCC_OPTIMIZATION_LEVEL = 0;
				GCC_PREPROCESSOR_DEFINITIONS = (
					"DEBUG=1",
					"$(inherited)",
				);
				GCC_WARN_64_TO_32_BIT_CONVERSION = YES;
				GCC_WARN_ABOUT_RETURN_TYPE = YES_ERROR;
				GCC_WARN_UNDECLARED_SELECTOR = YES;
				GCC_WARN_UNINITIALIZED_AUTOS = YES_AGGRESSIVE;
				GCC_WARN_UNUSED_FUNCTION = YES;
				GCC_WARN_UNUSED_VARIABLE = YES;
				IPHONEOS_DEPLOYMENT_TARGET = 9.3;
				MTL_ENABLE_DEBUG_INFO = YES;
				ONLY_ACTIVE_ARCH = YES;
				SDKROOT = iphoneos;
				SWIFT_OPTIMIZATION_LEVEL = "-Onone";
			};
			name = Debug;
		};
		1665103E1D7A877900A1DAF0 /* Release */ = {
			isa = XCBuildConfiguration;
			buildSettings = {
				ALWAYS_SEARCH_USER_PATHS = NO;
				CLANG_ANALYZER_NONNULL = YES;
				CLANG_CXX_LANGUAGE_STANDARD = "gnu++0x";
				CLANG_CXX_LIBRARY = "libc++";
				CLANG_ENABLE_MODULES = YES;
				CLANG_ENABLE_OBJC_ARC = YES;
				CLANG_WARN_BOOL_CONVERSION = YES;
				CLANG_WARN_CONSTANT_CONVERSION = YES;
				CLANG_WARN_DIRECT_OBJC_ISA_USAGE = YES_ERROR;
				CLANG_WARN_EMPTY_BODY = YES;
				CLANG_WARN_ENUM_CONVERSION = YES;
				CLANG_WARN_INT_CONVERSION = YES;
				CLANG_WARN_OBJC_ROOT_CLASS = YES_ERROR;
				CLANG_WARN_UNREACHABLE_CODE = YES;
				CLANG_WARN__DUPLICATE_METHOD_MATCH = YES;
				"CODE_SIGN_IDENTITY[sdk=iphoneos*]" = "iPhone Developer";
				COPY_PHASE_STRIP = NO;
				DEBUG_INFORMATION_FORMAT = "dwarf-with-dsym";
				ENABLE_NS_ASSERTIONS = NO;
				ENABLE_STRICT_OBJC_MSGSEND = YES;
				GCC_C_LANGUAGE_STANDARD = gnu99;
				GCC_NO_COMMON_BLOCKS = YES;
				GCC_WARN_64_TO_32_BIT_CONVERSION = YES;
				GCC_WARN_ABOUT_RETURN_TYPE = YES_ERROR;
				GCC_WARN_UNDECLARED_SELECTOR = YES;
				GCC_WARN_UNINITIALIZED_AUTOS = YES_AGGRESSIVE;
				GCC_WARN_UNUSED_FUNCTION = YES;
				GCC_WARN_UNUSED_VARIABLE = YES;
				IPHONEOS_DEPLOYMENT_TARGET = 9.3;
				MTL_ENABLE_DEBUG_INFO = NO;
				SDKROOT = iphoneos;
				VALIDATE_PRODUCT = YES;
			};
			name = Release;
		};
		166510401D7A877900A1DAF0 /* Debug */ = {
			isa = XCBuildConfiguration;
			buildSettings = {
				ASSETCATALOG_COMPILER_APPICON_NAME = AppIcon;
				CODE_SIGN_IDENTITY = "iPhone Developer";
				INFOPLIST_FILE = NOW/Info.plist;
				LD_RUNPATH_SEARCH_PATHS = "$(inherited) @executable_path/Frameworks";
				PRODUCT_BUNDLE_IDENTIFIER = com.john.now.NOW;
				PRODUCT_NAME = "$(TARGET_NAME)";
			};
			name = Debug;
		};
		166510411D7A877900A1DAF0 /* Release */ = {
			isa = XCBuildConfiguration;
			buildSettings = {
				ASSETCATALOG_COMPILER_APPICON_NAME = AppIcon;
				CODE_SIGN_IDENTITY = "iPhone Developer";
				INFOPLIST_FILE = NOW/Info.plist;
				LD_RUNPATH_SEARCH_PATHS = "$(inherited) @executable_path/Frameworks";
				PRODUCT_BUNDLE_IDENTIFIER = com.john.now.NOW;
				PRODUCT_NAME = "$(TARGET_NAME)";
			};
			name = Release;
		};
/* End XCBuildConfiguration section */

/* Begin XCConfigurationList section */
		166510251D7A877900A1DAF0 /* Build configuration list for PBXProject "NOW" */ = {
			isa = XCConfigurationList;
			buildConfigurations = (
				1665103D1D7A877900A1DAF0 /* Debug */,
				1665103E1D7A877900A1DAF0 /* Release */,
			);
			defaultConfigurationIsVisible = 0;
			defaultConfigurationName = Release;
		};
		1665103F1D7A877900A1DAF0 /* Build configuration list for PBXNativeTarget "NOW" */ = {
			isa = XCConfigurationList;
			buildConfigurations = (
				166510401D7A877900A1DAF0 /* Debug */,
				166510411D7A877900A1DAF0 /* Release */,
			);
			defaultConfigurationIsVisible = 0;
		};
/* End XCConfigurationList section */

/* Begin XCVersionGroup section */
		166510341D7A877900A1DAF0 /* NOW.xcdatamodeld */ = {
			isa = XCVersionGroup;
			children = (
				166510351D7A877900A1DAF0 /* NOW.xcdatamodel */,
			);
			currentVersion = 166510351D7A877900A1DAF0 /* NOW.xcdatamodel */;
			path = NOW.xcdatamodeld;
			sourceTree = "<group>";
			versionGroupType = wrapper.xcdatamodel;
		};
/* End XCVersionGroup section */
	};
	rootObject = 166510221D7A877900A1DAF0 /* Project object */;
}
